
Microsoft Visual Studio Solution File, Format Version 12.00
# Visual Studio 15
VisualStudioVersion = 15.0.27428.2015
MinimumVisualStudioVersion = 10.0.40219.1
Project("{FAE04EC0-301F-11D3-BF4B-00C04F79EFBC}") = "AdminSite", "AdminSite\AdminSite.csproj", "{B8699B87-BE36-41F7-840C-EC2125034B5F}"
EndProject
Global
	GlobalSection(SolutionConfigurationPlatforms) = preSolution
		Debug|Any CPU = Debug|Any CPU
		Release|Any CPU = Release|Any CPU
	EndGlobalSection
	GlobalSection(ProjectConfigurationPlatforms) = postSolution
		{B8699B87-BE36-41F7-840C-EC2125034B5F}.Debug|Any CPU.ActiveCfg = Debug|Any CPU
		{B8699B87-BE36-41F7-840C-EC2125034B5F}.Debug|Any CPU.Build.0 = Debug|Any CPU
		{B8699B87-BE36-41F7-840C-EC2125034B5F}.Release|Any CPU.ActiveCfg = Release|Any CPU
		{B8699B87-BE36-41F7-840C-EC2125034B5F}.Release|Any CPU.Build.0 = Release|Any CPU
	EndGlobalSection
	GlobalSection(SolutionProperties) = preSolution
		HideSolutionNode = FALSE
	EndGlobalSection
	GlobalSection(ExtensibilityGlobals) = postSolution
		SolutionGuid = {F051BBAF-9BB7-4728-A8A6-07E7EEA15D31}
	EndGlobalSection
EndGlobal
